
Microsoft Visual Studio Solution File, Format Version 12.00
# Visual Studio Version 17
VisualStudioVersion = 17.1.32210.238
MinimumVisualStudioVersion = 10.0.40219.1
Project("{FAE04EC0-301F-11D3-BF4B-00C04F79EFBC}") = "gra_memory", "gra_memory\gra_memory.csproj", "{49E623D0-2132-423C-B43C-E4D6EBAA7087}"
EndProject
Global
	GlobalSection(SolutionConfigurationPlatforms) = preSolution
		Debug|Any CPU = Debug|Any CPU
		Release|Any CPU = Release|Any CPU
	EndGlobalSection
	GlobalSection(ProjectConfigurationPlatforms) = postSolution
		{49E623D0-2132-423C-B43C-E4D6EBAA7087}.Debug|Any CPU.ActiveCfg = Debug|Any CPU
		{49E623D0-2132-423C-B43C-E4D6EBAA7087}.Debug|Any CPU.Build.0 = Debug|Any CPU
		{49E623D0-2132-423C-B43C-E4D6EBAA7087}.Release|Any CPU.ActiveCfg = Release|Any CPU
		{49E623D0-2132-423C-B43C-E4D6EBAA7087}.Release|Any CPU.Build.0 = Release|Any CPU
	EndGlobalSection
	GlobalSection(SolutionProperties) = preSolution
		HideSolutionNode = FALSE
	EndGlobalSection
	GlobalSection(ExtensibilityGlobals) = postSolution
		SolutionGuid = {7B1783D6-4519-4115-A8D7-C84812F9069A}
	EndGlobalSection
EndGlobal
